{
  "name": "typecript-app",
  "version": "1.0.0",
  "lockfileVersion": 2,
  "requires": true,
  "packages": {
    "": {
      "version": "1.0.0",
      "license": "ISC",
      "dependencies": {
        "@types/faker": "^5.5.0",
        "faker": "^5.5.2"
      },
      "devDependencies": {
        "typescript": "^4.2.4"
      }
    },
    "node_modules/@types/faker": {
      "version": "5.5.0",
      "resolved": "https://registry.npmjs.org/@types/faker/-/faker-5.5.0.tgz",
      "integrity": "sha512-WPBf6jgCsRrbPrgDuWHfbI+cd2CT33JUK+w8NM8jU7KmNr9PF+2eKhD0DKV32nMlyzdMnTHc5TSAG1jpkZbN5A=="
    },
    "node_modules/faker": {
      "version": "5.5.2",
      "resolved": "https://registry.npmjs.org/faker/-/faker-5.5.2.tgz",
      "integrity": "sha512-6G3lzZXWjWfqTJDS9KhHFIislZMGdrzDqews3T14E/dsANVbs3YT4A3jSNDrbA/gbtmjLuKJx9DzcLucdXBqBw=="
    },
    "node_modules/typescript": {
      "version": "4.2.4",
      "resolved": "https://registry.npmjs.org/typescript/-/typescript-4.2.4.tgz",
      "integrity": "sha512-V+evlYHZnQkaz8TRBuxTA92yZBPotr5H+WhQ7bD3hZUndx5tGOa1fuCgeSjxAzM1RiN5IzvadIXTVefuuwZCRg==",
      "dev": true,
      "bin": {
        "tsc": "bin/tsc",
        "tsserver": "bin/tsserver"
      },
      "engines": {
        "node": ">=4.2.0"
      }
    }
  },
  "dependencies": {
    "@types/faker": {
      "version": "5.5.0",
      "resolved": "https://registry.npmjs.org/@types/faker/-/faker-5.5.0.tgz",
      "integrity": "sha512-WPBf6jgCsRrbPrgDuWHfbI+cd2CT33JUK+w8NM8jU7KmNr9PF+2eKhD0DKV32nMlyzdMnTHc5TSAG1jpkZbN5A=="
    },
    "faker": {
      "version": "5.5.2",
      "resolved": "https://registry.npmjs.org/faker/-/faker-5.5.2.tgz",
      "integrity": "sha512-6G3lzZXWjWfqTJDS9KhHFIislZMGdrzDqews3T14E/dsANVbs3YT4A3jSNDrbA/gbtmjLuKJx9DzcLucdXBqBw=="
    },
    "typescript": {
      "version": "4.2.4",
      "resolved": "https://registry.npmjs.org/typescript/-/typescript-4.2.4.tgz",
      "integrity": "sha512-V+evlYHZnQkaz8TRBuxTA92yZBPotr5H+WhQ7bD3hZUndx5tGOa1fuCgeSjxAzM1RiN5IzvadIXTVefuuwZCRg==",
      "dev": true
    }
  }
}
